# This file is autogenerated, do not edit; changes may be undone by the next 'dep ensure'.


[[projects]]
  digest = "1:318f1c959a8a740366fce4b1e1eb2fd914036b4af58fbd0a003349b305f118ad"
  name = "github.com/golang/protobuf"
  packages = ["proto"]
  pruneopts = "UT"
  revision = "b5d812f8a3706043e23a9cd5babf2e5423744d30"
  version = "v1.3.1"

[[projects]]
  branch = "master"
  digest = "1:141e42298899ea9afdf79d04031472538584877344c37c8da384e4830453fdca"
  name = "github.com/idata-shopee/goaio"
  packages = ["."]
  pruneopts = "UT"
  revision = "fd8d47c91f1785e6ec220088fa018334e9df3b6b"

[[projects]]
  branch = "master"
  digest = "1:a99b91cdaf3b193940352722e4ee8e3dafeb8b87705efa5bb61bd9627e74246f"
  name = "github.com/idata-shopee/gopcp"
  packages = ["."]
  pruneopts = "UT"
  revision = "46afddfb90bb1b9d14345c8d4c0d3e4ca543819c"

[[projects]]
  branch = "master"
  digest = "1:b952965a6e84795138a0a011e10248282b0d195fa1afc322239d5ea8ea702580"
  name = "github.com/idata-shopee/gopcp_rpc"
  packages = ["."]
  pruneopts = "UT"
  revision = "cd98c5934853f5cb993aead275de1d6df8202dcf"

[[projects]]
  branch = "master"
  digest = "1:89abaf5f9fe003b7e440dd3bf6c1c22fc286b878dc7ad9695061fd743793e0cf"
  name = "github.com/idata-shopee/gopcp_service"
  packages = ["."]
  pruneopts = "UT"
  revision = "0a9644fb906a7f97fd29d80c20c6663021fa3ed4"

[[projects]]
  branch = "master"
  digest = "1:b19d9b55357e831e46a048a350887698c7e9b5146a4ef79d4bde5d0b65bec591"
  name = "github.com/idata-shopee/gopcp_stream"
  packages = ["."]
  pruneopts = "UT"
  revision = "b66198216d74bd3d1c4c03dff2503dd138c98ca6"

[[projects]]
  branch = "master"
  digest = "1:ca3681f6e4804d2b2d6ebfb237a2344f3309b61c462f637f03fbb2174f6ce97f"
  name = "github.com/idata-shopee/gopool"
  packages = ["."]
  pruneopts = "UT"
  revision = "e1576262f8643bd2a72e0a615ae31c1f103f6e86"

[[projects]]
  branch = "master"
  digest = "1:7e39b028b26b65295e1d463c341e01a0b5d5fdf76b0e7e7313804a292685519a"
  name = "github.com/lock-free/obrero"
  packages = ["."]
  pruneopts = "UT"
  revision = "ccf4e25003f933ee1815518eded46b30c0ea8ca5"

[[projects]]
  digest = "1:274f67cb6fed9588ea2521ecdac05a6d62a8c51c074c1fccc6a49a40ba80e925"
  name = "github.com/satori/go.uuid"
  packages = ["."]
  pruneopts = "UT"
  revision = "f58768cc1a7a7e77a3bd49e98cdd21419399b6a3"
  version = "v1.2.0"

[[projects]]
  branch = "master"
  digest = "1:f8b491a7c25030a895a0e579742d07136e6958e77ef2d46e769db8eec4e58fcd"
  name = "golang.org/x/net"
  packages = [
    "context",
    "context/ctxhttp",
  ]
  pruneopts = "UT"
  revision = "f3200d17e092c607f615320ecaad13d87ad9a2b3"

[[projects]]
  branch = "master"
  digest = "1:8d1c112fb1679fa097e9a9255a786ee47383fa2549a3da71bcb1334a693ebcfe"
  name = "golang.org/x/oauth2"
  packages = [
    ".",
    "internal",
  ]
  pruneopts = "UT"
  revision = "aaccbc9213b0974828f81aaac109d194880e3014"

[[projects]]
  digest = "1:6eb6e3b6d9fffb62958cf7f7d88dbbe1dd6839436b0802e194c590667a40412a"
  name = "google.golang.org/appengine"
  packages = [
    "internal",
    "internal/base",
    "internal/datastore",
    "internal/log",
    "internal/remote_api",
    "internal/urlfetch",
    "urlfetch",
  ]
  pruneopts = "UT"
  revision = "4c25cacc810c02874000e4f7071286a8e96b2515"
  version = "v1.6.0"

[solve-meta]
  analyzer-name = "dep"
  analyzer-version = 1
  input-imports = [
    "github.com/idata-shopee/gopcp",
    "github.com/idata-shopee/gopcp_service",
    "github.com/idata-shopee/gopcp_stream",
    "github.com/lock-free/obrero",
  ]
  solver-name = "gps-cdcl"
  solver-version = 1
